
Microsoft Visual Studio Solution File, Format Version 12.00
# Visual Studio 15
VisualStudioVersion = 15.0.28307.1259
MinimumVisualStudioVersion = 10.0.40219.1
Project("{E24C65DC-7377-472B-9ABA-BC803B73C61A}") = "WebSite1(1)", "WebSite1\", "{62874428-F368-4CC5-8E6A-C527FC040608}"
	ProjectSection(WebsiteProperties) = preProject
		TargetFrameworkMoniker = ".NETFramework,Version%3Dv4.5"
		Debug.AspNetCompiler.VirtualPath = "/localhost_55148"
		Debug.AspNetCompiler.PhysicalPath = "WebSite1\"
		Debug.AspNetCompiler.TargetPath = "PrecompiledWeb\localhost_55148\"
		Debug.AspNetCompiler.Updateable = "true"
		Debug.AspNetCompiler.ForceOverwrite = "true"
		Debug.AspNetCompiler.FixedNames = "false"
		Debug.AspNetCompiler.Debug = "True"
		Release.AspNetCompiler.VirtualPath = "/localhost_55148"
		Release.AspNetCompiler.PhysicalPath = "WebSite1\"
		Release.AspNetCompiler.TargetPath = "PrecompiledWeb\localhost_55148\"
		Release.AspNetCompiler.Updateable = "true"
		Release.AspNetCompiler.ForceOverwrite = "true"
		Release.AspNetCompiler.FixedNames = "false"
		Release.AspNetCompiler.Debug = "False"
		VWDPort = "55148"
		SlnRelativePath = "WebSite1\"
		DefaultWebSiteLanguage = "Visual C#"
	EndProjectSection
EndProject
Project("{FAE04EC0-301F-11D3-BF4B-00C04F79EFBC}") = "YFBLL", "..\..\YFBLL\YFBLL.csproj", "{0947E51F-EB9C-4BD3-A132-D07F1B41B342}"
EndProject
Project("{FAE04EC0-301F-11D3-BF4B-00C04F79EFBC}") = "YFModel", "..\..\YFModel\YFModel.csproj", "{00E9DEBA-9E1A-48EC-97AA-DC843EAE7E80}"
EndProject
Project("{FAE04EC0-301F-11D3-BF4B-00C04F79EFBC}") = "YFDAL", "..\..\YFDAL\YFDAL.csproj", "{37FFC3A7-7596-4586-98B8-E878ABE0B42F}"
EndProject
Project("{FAE04EC0-301F-11D3-BF4B-00C04F79EFBC}") = "YFUI", "UI\YFUI.csproj", "{D5EA79A5-4D4B-407C-BE61-A58A9A8C5C28}"
EndProject
Global
	GlobalSection(SolutionConfigurationPlatforms) = preSolution
		Debug|Any CPU = Debug|Any CPU
		Debug|ARM = Debug|ARM
		Debug|ARM64 = Debug|ARM64
		Debug|x64 = Debug|x64
		Debug|x86 = Debug|x86
		Release|Any CPU = Release|Any CPU
		Release|ARM = Release|ARM
		Release|ARM64 = Release|ARM64
		Release|x64 = Release|x64
		Release|x86 = Release|x86
	EndGlobalSection
	GlobalSection(ProjectConfigurationPlatforms) = postSolution
		{62874428-F368-4CC5-8E6A-C527FC040608}.Debug|Any CPU.ActiveCfg = Debug|Any CPU
		{62874428-F368-4CC5-8E6A-C527FC040608}.Debug|Any CPU.Build.0 = Debug|Any CPU
		{62874428-F368-4CC5-8E6A-C527FC040608}.Debug|ARM.ActiveCfg = Debug|Any CPU
		{62874428-F368-4CC5-8E6A-C527FC040608}.Debug|ARM.Build.0 = Debug|Any CPU
		{62874428-F368-4CC5-8E6A-C527FC040608}.Debug|ARM64.ActiveCfg = Debug|Any CPU
		{62874428-F368-4CC5-8E6A-C527FC040608}.Debug|ARM64.Build.0 = Debug|Any CPU
		{62874428-F368-4CC5-8E6A-C527FC040608}.Debug|x64.ActiveCfg = Debug|Any CPU
		{62874428-F368-4CC5-8E6A-C527FC040608}.Debug|x64.Build.0 = Debug|Any CPU
		{62874428-F368-4CC5-8E6A-C527FC040608}.Debug|x86.ActiveCfg = Debug|Any CPU
		{62874428-F368-4CC5-8E6A-C527FC040608}.Debug|x86.Build.0 = Debug|Any CPU
		{62874428-F368-4CC5-8E6A-C527FC040608}.Release|Any CPU.ActiveCfg = Debug|Any CPU
		{62874428-F368-4CC5-8E6A-C527FC040608}.Release|Any CPU.Build.0 = Debug|Any CPU
		{62874428-F368-4CC5-8E6A-C527FC040608}.Release|ARM.ActiveCfg = Debug|Any CPU
		{62874428-F368-4CC5-8E6A-C527FC040608}.Release|ARM.Build.0 = Debug|Any CPU
		{62874428-F368-4CC5-8E6A-C527FC040608}.Release|ARM64.ActiveCfg = Debug|Any CPU
		{62874428-F368-4CC5-8E6A-C527FC040608}.Release|ARM64.Build.0 = Debug|Any CPU
		{62874428-F368-4CC5-8E6A-C527FC040608}.Release|x64.ActiveCfg = Debug|Any CPU
		{62874428-F368-4CC5-8E6A-C527FC040608}.Release|x64.Build.0 = Debug|Any CPU
		{62874428-F368-4CC5-8E6A-C527FC040608}.Release|x86.ActiveCfg = Debug|Any CPU
		{62874428-F368-4CC5-8E6A-C527FC040608}.Release|x86.Build.0 = Debug|Any CPU
		{0947E51F-EB9C-4BD3-A132-D07F1B41B342}.Debug|Any CPU.ActiveCfg = Debug|Any CPU
		{0947E51F-EB9C-4BD3-A132-D07F1B41B342}.Debug|Any CPU.Build.0 = Debug|Any CPU
		{0947E51F-EB9C-4BD3-A132-D07F1B41B342}.Debug|ARM.ActiveCfg = Debug|Any CPU
		{0947E51F-EB9C-4BD3-A132-D07F1B41B342}.Debug|ARM.Build.0 = Debug|Any CPU
		{0947E51F-EB9C-4BD3-A132-D07F1B41B342}.Debug|ARM64.ActiveCfg = Debug|Any CPU
		{0947E51F-EB9C-4BD3-A132-D07F1B41B342}.Debug|ARM64.Build.0 = Debug|Any CPU
		{0947E51F-EB9C-4BD3-A132-D07F1B41B342}.Debug|x64.ActiveCfg = Debug|Any CPU
		{0947E51F-EB9C-4BD3-A132-D07F1B41B342}.Debug|x64.Build.0 = Debug|Any CPU
		{0947E51F-EB9C-4BD3-A132-D07F1B41B342}.Debug|x86.ActiveCfg = Debug|Any CPU
		{0947E51F-EB9C-4BD3-A132-D07F1B41B342}.Debug|x86.Build.0 = Debug|Any CPU
		{0947E51F-EB9C-4BD3-A132-D07F1B41B342}.Release|Any CPU.ActiveCfg = Release|Any CPU
		{0947E51F-EB9C-4BD3-A132-D07F1B41B342}.Release|Any CPU.Build.0 = Release|Any CPU
		{0947E51F-EB9C-4BD3-A132-D07F1B41B342}.Release|ARM.ActiveCfg = Release|Any CPU
		{0947E51F-EB9C-4BD3-A132-D07F1B41B342}.Release|ARM.Build.0 = Release|Any CPU
		{0947E51F-EB9C-4BD3-A132-D07F1B41B342}.Release|ARM64.ActiveCfg = Release|Any CPU
		{0947E51F-EB9C-4BD3-A132-D07F1B41B342}.Release|ARM64.Build.0 = Release|Any CPU
		{0947E51F-EB9C-4BD3-A132-D07F1B41B342}.Release|x64.ActiveCfg = Release|Any CPU
		{0947E51F-EB9C-4BD3-A132-D07F1B41B342}.Release|x64.Build.0 = Release|Any CPU
		{0947E51F-EB9C-4BD3-A132-D07F1B41B342}.Release|x86.ActiveCfg = Release|Any CPU
		{0947E51F-EB9C-4BD3-A132-D07F1B41B342}.Release|x86.Build.0 = Release|Any CPU
		{00E9DEBA-9E1A-48EC-97AA-DC843EAE7E80}.Debug|Any CPU.ActiveCfg = Debug|Any CPU
		{00E9DEBA-9E1A-48EC-97AA-DC843EAE7E80}.Debug|Any CPU.Build.0 = Debug|Any CPU
		{00E9DEBA-9E1A-48EC-97AA-DC843EAE7E80}.Debug|ARM.ActiveCfg = Debug|Any CPU
		{00E9DEBA-9E1A-48EC-97AA-DC843EAE7E80}.Debug|ARM.Build.0 = Debug|Any CPU
		{00E9DEBA-9E1A-48EC-97AA-DC843EAE7E80}.Debug|ARM64.ActiveCfg = Debug|Any CPU
		{00E9DEBA-9E1A-48EC-97AA-DC843EAE7E80}.Debug|ARM64.Build.0 = Debug|Any CPU
		{00E9DEBA-9E1A-48EC-97AA-DC843EAE7E80}.Debug|x64.ActiveCfg = Debug|Any CPU
		{00E9DEBA-9E1A-48EC-97AA-DC843EAE7E80}.Debug|x64.Build.0 = Debug|Any CPU
		{00E9DEBA-9E1A-48EC-97AA-DC843EAE7E80}.Debug|x86.ActiveCfg = Debug|Any CPU
		{00E9DEBA-9E1A-48EC-97AA-DC843EAE7E80}.Debug|x86.Build.0 = Debug|Any CPU
		{00E9DEBA-9E1A-48EC-97AA-DC843EAE7E80}.Release|Any CPU.ActiveCfg = Release|Any CPU
		{00E9DEBA-9E1A-48EC-97AA-DC843EAE7E80}.Release|Any CPU.Build.0 = Release|Any CPU
		{00E9DEBA-9E1A-48EC-97AA-DC843EAE7E80}.Release|ARM.ActiveCfg = Release|Any CPU
		{00E9DEBA-9E1A-48EC-97AA-DC843EAE7E80}.Release|ARM.Build.0 = Release|Any CPU
		{00E9DEBA-9E1A-48EC-97AA-DC843EAE7E80}.Release|ARM64.ActiveCfg = Release|Any CPU
		{00E9DEBA-9E1A-48EC-97AA-DC843EAE7E80}.Release|ARM64.Build.0 = Release|Any CPU
		{00E9DEBA-9E1A-48EC-97AA-DC843EAE7E80}.Release|x64.ActiveCfg = Release|Any CPU
		{00E9DEBA-9E1A-48EC-97AA-DC843EAE7E80}.Release|x64.Build.0 = Release|Any CPU
		{00E9DEBA-9E1A-48EC-97AA-DC843EAE7E80}.Release|x86.ActiveCfg = Release|Any CPU
		{00E9DEBA-9E1A-48EC-97AA-DC843EAE7E80}.Release|x86.Build.0 = Release|Any CPU
		{37FFC3A7-7596-4586-98B8-E878ABE0B42F}.Debug|Any CPU.ActiveCfg = Debug|Any CPU
		{37FFC3A7-7596-4586-98B8-E878ABE0B42F}.Debug|Any CPU.Build.0 = Debug|Any CPU
		{37FFC3A7-7596-4586-98B8-E878ABE0B42F}.Debug|ARM.ActiveCfg = Debug|Any CPU
		{37FFC3A7-7596-4586-98B8-E878ABE0B42F}.Debug|ARM.Build.0 = Debug|Any CPU
		{37FFC3A7-7596-4586-98B8-E878ABE0B42F}.Debug|ARM64.ActiveCfg = Debug|Any CPU
		{37FFC3A7-7596-4586-98B8-E878ABE0B42F}.Debug|ARM64.Build.0 = Debug|Any CPU
		{37FFC3A7-7596-4586-98B8-E878ABE0B42F}.Debug|x64.ActiveCfg = Debug|Any CPU
		{37FFC3A7-7596-4586-98B8-E878ABE0B42F}.Debug|x64.Build.0 = Debug|Any CPU
		{37FFC3A7-7596-4586-98B8-E878ABE0B42F}.Debug|x86.ActiveCfg = Debug|Any CPU
		{37FFC3A7-7596-4586-98B8-E878ABE0B42F}.Debug|x86.Build.0 = Debug|Any CPU
		{37FFC3A7-7596-4586-98B8-E878ABE0B42F}.Release|Any CPU.ActiveCfg = Release|Any CPU
		{37FFC3A7-7596-4586-98B8-E878ABE0B42F}.Release|Any CPU.Build.0 = Release|Any CPU
		{37FFC3A7-7596-4586-98B8-E878ABE0B42F}.Release|ARM.ActiveCfg = Release|Any CPU
		{37FFC3A7-7596-4586-98B8-E878ABE0B42F}.Release|ARM.Build.0 = Release|Any CPU
		{37FFC3A7-7596-4586-98B8-E878ABE0B42F}.Release|ARM64.ActiveCfg = Release|Any CPU
		{37FFC3A7-7596-4586-98B8-E878ABE0B42F}.Release|ARM64.Build.0 = Release|Any CPU
		{37FFC3A7-7596-4586-98B8-E878ABE0B42F}.Release|x64.ActiveCfg = Release|Any CPU
		{37FFC3A7-7596-4586-98B8-E878ABE0B42F}.Release|x64.Build.0 = Release|Any CPU
		{37FFC3A7-7596-4586-98B8-E878ABE0B42F}.Release|x86.ActiveCfg = Release|Any CPU
		{37FFC3A7-7596-4586-98B8-E878ABE0B42F}.Release|x86.Build.0 = Release|Any CPU
		{D5EA79A5-4D4B-407C-BE61-A58A9A8C5C28}.Debug|Any CPU.ActiveCfg = Debug|Any CPU
		{D5EA79A5-4D4B-407C-BE61-A58A9A8C5C28}.Debug|Any CPU.Build.0 = Debug|Any CPU
		{D5EA79A5-4D4B-407C-BE61-A58A9A8C5C28}.Debug|ARM.ActiveCfg = Debug|Any CPU
		{D5EA79A5-4D4B-407C-BE61-A58A9A8C5C28}.Debug|ARM.Build.0 = Debug|Any CPU
		{D5EA79A5-4D4B-407C-BE61-A58A9A8C5C28}.Debug|ARM64.ActiveCfg = Debug|Any CPU
		{D5EA79A5-4D4B-407C-BE61-A58A9A8C5C28}.Debug|ARM64.Build.0 = Debug|Any CPU
		{D5EA79A5-4D4B-407C-BE61-A58A9A8C5C28}.Debug|x64.ActiveCfg = Debug|Any CPU
		{D5EA79A5-4D4B-407C-BE61-A58A9A8C5C28}.Debug|x64.Build.0 = Debug|Any CPU
		{D5EA79A5-4D4B-407C-BE61-A58A9A8C5C28}.Debug|x86.ActiveCfg = Debug|Any CPU
		{D5EA79A5-4D4B-407C-BE61-A58A9A8C5C28}.Debug|x86.Build.0 = Debug|Any CPU
		{D5EA79A5-4D4B-407C-BE61-A58A9A8C5C28}.Release|Any CPU.ActiveCfg = Release|Any CPU
		{D5EA79A5-4D4B-407C-BE61-A58A9A8C5C28}.Release|Any CPU.Build.0 = Release|Any CPU
		{D5EA79A5-4D4B-407C-BE61-A58A9A8C5C28}.Release|ARM.ActiveCfg = Release|Any CPU
		{D5EA79A5-4D4B-407C-BE61-A58A9A8C5C28}.Release|ARM.Build.0 = Release|Any CPU
		{D5EA79A5-4D4B-407C-BE61-A58A9A8C5C28}.Release|ARM64.ActiveCfg = Release|Any CPU
		{D5EA79A5-4D4B-407C-BE61-A58A9A8C5C28}.Release|ARM64.Build.0 = Release|Any CPU
		{D5EA79A5-4D4B-407C-BE61-A58A9A8C5C28}.Release|x64.ActiveCfg = Release|Any CPU
		{D5EA79A5-4D4B-407C-BE61-A58A9A8C5C28}.Release|x64.Build.0 = Release|Any CPU
		{D5EA79A5-4D4B-407C-BE61-A58A9A8C5C28}.Release|x86.ActiveCfg = Release|Any CPU
		{D5EA79A5-4D4B-407C-BE61-A58A9A8C5C28}.Release|x86.Build.0 = Release|Any CPU
	EndGlobalSection
	GlobalSection(SolutionProperties) = preSolution
		HideSolutionNode = FALSE
	EndGlobalSection
	GlobalSection(ExtensibilityGlobals) = postSolution
		SolutionGuid = {67961E13-BFDD-42AC-B3E5-8C354D9F1622}
	EndGlobalSection
EndGlobal
